
Microsoft Visual Studio Solution File, Format Version 12.00
# Visual Studio Version 17
VisualStudioVersion = 17.4.33110.190
MinimumVisualStudioVersion = 10.0.40219.1
Project("{9A19103F-16F7-4668-BE54-9A1E7A4F7556}") = "Secrets Sharing", "Secrets Sharing\Secrets Sharing.csproj", "{2239625C-E0F3-4D6E-8D3F-B9597EC44BC4}"
	ProjectSection(ProjectDependencies) = postProject
		{F92655BB-DCEE-41B6-866A-3DB6A6E4230B} = {F92655BB-DCEE-41B6-866A-3DB6A6E4230B}
	EndProjectSection
EndProject
Project("{2150E333-8FDC-42A3-9474-1A3956D46DE8}") = "Domain", "Domain", "{AF6E43CD-4C29-44EE-847B-8CC9BDB61E41}"
EndProject
Project("{9A19103F-16F7-4668-BE54-9A1E7A4F7556}") = "Secrets Sharing.Domain", "Secrets Sharing.Domain\Secrets Sharing.Domain.csproj", "{3B8A2F44-A218-4916-81E0-F36BABD79F48}"
EndProject
Project("{2150E333-8FDC-42A3-9474-1A3956D46DE8}") = "DAL", "DAL", "{E46DCEB5-9FEF-4C7B-A7CF-89223BF9958E}"
EndProject
Project("{9A19103F-16F7-4668-BE54-9A1E7A4F7556}") = "Secrets Sharing.DAL", "Secrets Sharing.DAL\Secrets Sharing.DAL.csproj", "{F92655BB-DCEE-41B6-866A-3DB6A6E4230B}"
EndProject
Project("{2150E333-8FDC-42A3-9474-1A3956D46DE8}") = "Services", "Services", "{24200CA7-8B04-48B0-AEE0-F81BFEC3759D}"
EndProject
Project("{FAE04EC0-301F-11D3-BF4B-00C04F79EFBC}") = "Secrets Sharing.FileService", "Secrets Sharing.FileService\Secrets Sharing.FileService.csproj", "{154D993A-5739-4792-A5A4-9CB5F6C51B25}"
EndProject
Global
	GlobalSection(SolutionConfigurationPlatforms) = preSolution
		Debug|Any CPU = Debug|Any CPU
		Release|Any CPU = Release|Any CPU
	EndGlobalSection
	GlobalSection(ProjectConfigurationPlatforms) = postSolution
		{2239625C-E0F3-4D6E-8D3F-B9597EC44BC4}.Debug|Any CPU.ActiveCfg = Debug|Any CPU
		{2239625C-E0F3-4D6E-8D3F-B9597EC44BC4}.Debug|Any CPU.Build.0 = Debug|Any CPU
		{2239625C-E0F3-4D6E-8D3F-B9597EC44BC4}.Release|Any CPU.ActiveCfg = Release|Any CPU
		{2239625C-E0F3-4D6E-8D3F-B9597EC44BC4}.Release|Any CPU.Build.0 = Release|Any CPU
		{3B8A2F44-A218-4916-81E0-F36BABD79F48}.Debug|Any CPU.ActiveCfg = Debug|Any CPU
		{3B8A2F44-A218-4916-81E0-F36BABD79F48}.Debug|Any CPU.Build.0 = Debug|Any CPU
		{3B8A2F44-A218-4916-81E0-F36BABD79F48}.Release|Any CPU.ActiveCfg = Release|Any CPU
		{3B8A2F44-A218-4916-81E0-F36BABD79F48}.Release|Any CPU.Build.0 = Release|Any CPU
		{F92655BB-DCEE-41B6-866A-3DB6A6E4230B}.Debug|Any CPU.ActiveCfg = Debug|Any CPU
		{F92655BB-DCEE-41B6-866A-3DB6A6E4230B}.Debug|Any CPU.Build.0 = Debug|Any CPU
		{F92655BB-DCEE-41B6-866A-3DB6A6E4230B}.Release|Any CPU.ActiveCfg = Release|Any CPU
		{F92655BB-DCEE-41B6-866A-3DB6A6E4230B}.Release|Any CPU.Build.0 = Release|Any CPU
		{154D993A-5739-4792-A5A4-9CB5F6C51B25}.Debug|Any CPU.ActiveCfg = Debug|Any CPU
		{154D993A-5739-4792-A5A4-9CB5F6C51B25}.Debug|Any CPU.Build.0 = Debug|Any CPU
		{154D993A-5739-4792-A5A4-9CB5F6C51B25}.Release|Any CPU.ActiveCfg = Release|Any CPU
		{154D993A-5739-4792-A5A4-9CB5F6C51B25}.Release|Any CPU.Build.0 = Release|Any CPU
	EndGlobalSection
	GlobalSection(SolutionProperties) = preSolution
		HideSolutionNode = FALSE
	EndGlobalSection
	GlobalSection(NestedProjects) = preSolution
		{3B8A2F44-A218-4916-81E0-F36BABD79F48} = {AF6E43CD-4C29-44EE-847B-8CC9BDB61E41}
		{F92655BB-DCEE-41B6-866A-3DB6A6E4230B} = {E46DCEB5-9FEF-4C7B-A7CF-89223BF9958E}
		{154D993A-5739-4792-A5A4-9CB5F6C51B25} = {24200CA7-8B04-48B0-AEE0-F81BFEC3759D}
	EndGlobalSection
	GlobalSection(ExtensibilityGlobals) = postSolution
		SolutionGuid = {52A8A448-16EA-4E81-B68E-7F4614AED403}
	EndGlobalSection
EndGlobal
